
Microsoft Visual Studio Solution File, Format Version 12.00
# Visual Studio Version 16
VisualStudioVersion = 16.0.31005.135
MinimumVisualStudioVersion = 10.0.40219.1
Project("{FAE04EC0-301F-11D3-BF4B-00C04F79EFBC}") = "HashTag", "HashTag\HashTag.csproj", "{BD4E1563-122D-4C30-837B-E7645330CE67}"
EndProject
Global
	GlobalSection(SolutionConfigurationPlatforms) = preSolution
		Debug|Any CPU = Debug|Any CPU
		Release|Any CPU = Release|Any CPU
	EndGlobalSection
	GlobalSection(ProjectConfigurationPlatforms) = postSolution
		{BD4E1563-122D-4C30-837B-E7645330CE67}.Debug|Any CPU.ActiveCfg = Debug|Any CPU
		{BD4E1563-122D-4C30-837B-E7645330CE67}.Debug|Any CPU.Build.0 = Debug|Any CPU
		{BD4E1563-122D-4C30-837B-E7645330CE67}.Release|Any CPU.ActiveCfg = Release|Any CPU
		{BD4E1563-122D-4C30-837B-E7645330CE67}.Release|Any CPU.Build.0 = Release|Any CPU
	EndGlobalSection
	GlobalSection(SolutionProperties) = preSolution
		HideSolutionNode = FALSE
	EndGlobalSection
	GlobalSection(ExtensibilityGlobals) = postSolution
		SolutionGuid = {09C7BC97-6DA5-455F-8A45-DC31D34ED09D}
	EndGlobalSection
EndGlobal
